
Microsoft Visual Studio Solution File, Format Version 12.00
# Visual Studio Version 17
VisualStudioVersion = 17.13.36105.23 d17.13
MinimumVisualStudioVersion = 10.0.40219.1
Project("{FAE04EC0-301F-11D3-BF4B-00C04F79EFBC}") = "QuizProject", "QuizProject\QuizProject.csproj", "{2C5DD954-C4C7-451F-9E5C-CEF9931472EE}"
EndProject
Global
	GlobalSection(SolutionConfigurationPlatforms) = preSolution
		Debug|Any CPU = Debug|Any CPU
		Release|Any CPU = Release|Any CPU
	EndGlobalSection
	GlobalSection(ProjectConfigurationPlatforms) = postSolution
		{2C5DD954-C4C7-451F-9E5C-CEF9931472EE}.Debug|Any CPU.ActiveCfg = Debug|Any CPU
		{2C5DD954-C4C7-451F-9E5C-CEF9931472EE}.Debug|Any CPU.Build.0 = Debug|Any CPU
		{2C5DD954-C4C7-451F-9E5C-CEF9931472EE}.Release|Any CPU.ActiveCfg = Release|Any CPU
		{2C5DD954-C4C7-451F-9E5C-CEF9931472EE}.Release|Any CPU.Build.0 = Release|Any CPU
	EndGlobalSection
	GlobalSection(SolutionProperties) = preSolution
		HideSolutionNode = FALSE
	EndGlobalSection
	GlobalSection(ExtensibilityGlobals) = postSolution
		SolutionGuid = {80E5ADB1-28A0-4E40-B6AA-BEFA9B46368C}
	EndGlobalSection
EndGlobal
